// !$*UTF8*$!
{
	archiveVersion = 1;
	classes = {
	};
	objectVersion = 46;
	objects = {

/* Begin PBXBuildFile section */
		CE9686701C7ADD2D0054A45E /* main.m in Sources */ = {isa = PBXBuildFile; fileRef = CE96866F1C7ADD2D0054A45E /* main.m */; };
		CE9686731C7ADD2D0054A45E /* AppDelegate.m in Sources */ = {isa = PBXBuildFile; fileRef = CE9686721C7ADD2D0054A45E /* AppDelegate.m */; };
		CE9686761C7ADD2D0054A45E /* ViewController.m in Sources */ = {isa = PBXBuildFile; fileRef = CE9686751C7ADD2D0054A45E /* ViewController.m */; };
		CE9686791C7ADD2D0054A45E /* Main.storyboard in Resources */ = {isa = PBXBuildFile; fileRef = CE9686771C7ADD2D0054A45E /* Main.storyboard */; };
		CE96867B1C7ADD2D0054A45E /* Assets.xcassets in Resources */ = {isa = PBXBuildFile; fileRef = CE96867A1C7ADD2D0054A45E /* Assets.xcassets */; };
		CE96867E1C7ADD2D0054A45E /* LaunchScreen.storyboard in Resources */ = {isa = PBXBuildFile; fileRef = CE96867C1C7ADD2D0054A45E /* LaunchScreen.storyboard */; };
		CE9686891C7ADD2D0054A45E /* testScrollViewTests.m in Sources */ = {isa = PBXBuildFile; fileRef = CE9686881C7ADD2D0054A45E /* testScrollViewTests.m */; };
		CE9686941C7ADD2D0054A45E /* testScrollViewUITests.m in Sources */ = {isa = PBXBuildFile; fileRef = CE9686931C7ADD2D0054A45E /* testScrollViewUITests.m */; };
		CE9686F51C7B168B0054A45E /* MKAnnotationView+WebCache.m in Sources */ = {isa = PBXBuildFile; fileRef = CE9686D51C7B168B0054A45E /* MKAnnotationView+WebCache.m */; };
		CE9686F61C7B168B0054A45E /* NSData+ImageContentType.m in Sources */ = {isa = PBXBuildFile; fileRef = CE9686D71C7B168B0054A45E /* NSData+ImageContentType.m */; };
		CE9686F71C7B168B0054A45E /* SDImageCache.m in Sources */ = {isa = PBXBuildFile; fileRef = CE9686D91C7B168B0054A45E /* SDImageCache.m */; };
		CE9686F81C7B168B0054A45E /* SDWebImageCompat.m in Sources */ = {isa = PBXBuildFile; fileRef = CE9686DB1C7B168B0054A45E /* SDWebImageCompat.m */; };
		CE9686F91C7B168B0054A45E /* SDWebImageDecoder.m in Sources */ = {isa = PBXBuildFile; fileRef = CE9686DD1C7B168B0054A45E /* SDWebImageDecoder.m */; };
		CE9686FA1C7B168B0054A45E /* SDWebImageDownloader.m in Sources */ = {isa = PBXBuildFile; fileRef = CE9686DF1C7B168B0054A45E /* SDWebImageDownloader.m */; };
		CE9686FB1C7B168B0054A45E /* SDWebImageDownloaderOperation.m in Sources */ = {isa = PBXBuildFile; fileRef = CE9686E11C7B168B0054A45E /* SDWebImageDownloaderOperation.m */; };
		CE9686FC1C7B168B0054A45E /* SDWebImageManager.m in Sources */ = {isa = PBXBuildFile; fileRef = CE9686E31C7B168B0054A45E /* SDWebImageManager.m */; };
		CE9686FD1C7B168B0054A45E /* SDWebImagePrefetcher.m in Sources */ = {isa = PBXBuildFile; fileRef = CE9686E61C7B168B0054A45E /* SDWebImagePrefetcher.m */; };
		CE9686FE1C7B168B0054A45E /* UIButton+WebCache.m in Sources */ = {isa = PBXBuildFile; fileRef = CE9686E81C7B168B0054A45E /* UIButton+WebCache.m */; };
		CE9686FF1C7B168B0054A45E /* UIImage+GIF.m in Sources */ = {isa = PBXBuildFile; fileRef = CE9686EA1C7B168B0054A45E /* UIImage+GIF.m */; };
		CE9687001C7B168B0054A45E /* UIImage+MultiFormat.m in Sources */ = {isa = PBXBuildFile; fileRef = CE9686EC1C7B168B0054A45E /* UIImage+MultiFormat.m */; };
		CE9687011C7B168B0054A45E /* UIImage+WebP.m in Sources */ = {isa = PBXBuildFile; fileRef = CE9686EE1C7B168B0054A45E /* UIImage+WebP.m */; };
		CE9687021C7B168B0054A45E /* UIImageView+HighlightedWebCache.m in Sources */ = {isa = PBXBuildFile; fileRef = CE9686F01C7B168B0054A45E /* UIImageView+HighlightedWebCache.m */; };
		CE9687031C7B168B0054A45E /* UIImageView+WebCache.m in Sources */ = {isa = PBXBuildFile; fileRef = CE9686F21C7B168B0054A45E /* UIImageView+WebCache.m */; };
		CE9687041C7B168B0054A45E /* UIView+WebCacheOperation.m in Sources */ = {isa = PBXBuildFile; fileRef = CE9686F41C7B168B0054A45E /* UIView+WebCacheOperation.m */; };
		CE9687081C7B16930054A45E /* ELHeaderView.m in Sources */ = {isa = PBXBuildFile; fileRef = CE9687071C7B16930054A45E /* ELHeaderView.m */; };
		CE96870B1C7B16BD0054A45E /* CKViewController.m in Sources */ = {isa = PBXBuildFile; fileRef = CE96870A1C7B16BD0054A45E /* CKViewController.m */; };
		CE96870E1C7C2F1A0054A45E /* WSGViewController.m in Sources */ = {isa = PBXBuildFile; fileRef = CE96870D1C7C2F1A0054A45E /* WSGViewController.m */; };
/* End PBXBuildFile section */

/* Begin PBXContainerItemProxy section */
		CE9686851C7ADD2D0054A45E /* PBXContainerItemProxy */ = {
			isa = PBXContainerItemProxy;
			containerPortal = CE9686631C7ADD2D0054A45E /* Project object */;
			proxyType = 1;
			remoteGlobalIDString = CE96866A1C7ADD2D0054A45E;
			remoteInfo = testScrollView;
		};
		CE9686901C7ADD2D0054A45E /* PBXContainerItemProxy */ = {
			isa = PBXContainerItemProxy;
			containerPortal = CE9686631C7ADD2D0054A45E /* Project object */;
			proxyType = 1;
			remoteGlobalIDString = CE96866A1C7ADD2D0054A45E;
			remoteInfo = testScrollView;
		};
/* End PBXContainerItemProxy section */

/* Begin PBXFileReference section */
		CE96866B1C7ADD2D0054A45E /* testScrollView.app */ = {isa = PBXFileReference; explicitFileType = wrapper.application; includeInIndex = 0; path = testScrollView.app; sourceTree = BUILT_PRODUCTS_DIR; };
		CE96866F1C7ADD2D0054A45E /* main.m */ = {isa = PBXFileReference; lastKnownFileType = sourcecode.c.objc; path = main.m; sourceTree = "<group>"; };
		CE9686711C7ADD2D0054A45E /* AppDelegate.h */ = {isa = PBXFileReference; lastKnownFileType = sourcecode.c.h; path = AppDelegate.h; sourceTree = "<group>"; };
		CE9686721C7ADD2D0054A45E /* AppDelegate.m */ = {isa = PBXFileReference; lastKnownFileType = sourcecode.c.objc; path = AppDelegate.m; sourceTree = "<group>"; };
		CE9686741C7ADD2D0054A45E /* ViewController.h */ = {isa = PBXFileReference; lastKnownFileType = sourcecode.c.h; path = ViewController.h; sourceTree = "<group>"; };
		CE9686751C7ADD2D0054A45E /* ViewController.m */ = {isa = PBXFileReference; lastKnownFileType = sourcecode.c.objc; path = ViewController.m; sourceTree = "<group>"; };
		CE9686781C7ADD2D0054A45E /* Base */ = {isa = PBXFileReference; lastKnownFileType = file.storyboard; name = Base; path = Base.lproj/Main.storyboard; sourceTree = "<group>"; };
		CE96867A1C7ADD2D0054A45E /* Assets.xcassets */ = {isa = PBXFileReference; lastKnownFileType = folder.assetcatalog; path = Assets.xcassets; sourceTree = "<group>"; };
		CE96867D1C7ADD2D0054A45E /* Base */ = {isa = PBXFileReference; lastKnownFileType = file.storyboard; name = Base; path = Base.lproj/LaunchScreen.storyboard; sourceTree = "<group>"; };
		CE96867F1C7ADD2D0054A45E /* Info.plist */ = {isa = PBXFileReference; lastKnownFileType = text.plist.xml; path = Info.plist; sourceTree = "<group>"; };
		CE9686841C7ADD2D0054A45E /* testScrollViewTests.xctest */ = {isa = PBXFileReference; explicitFileType = wrapper.cfbundle; includeInIndex = 0; path = testScrollViewTests.xctest; sourceTree = BUILT_PRODUCTS_DIR; };
		CE9686881C7ADD2D0054A45E /* testScrollViewTests.m */ = {isa = PBXFileReference; lastKnownFileType = sourcecode.c.objc; path = testScrollViewTests.m; sourceTree = "<group>"; };
		CE96868A1C7ADD2D0054A45E /* Info.plist */ = {isa = PBXFileReference; lastKnownFileType = text.plist.xml; path = Info.plist; sourceTree = "<group>"; };
		CE96868F1C7ADD2D0054A45E /* testScrollViewUITests.xctest */ = {isa = PBXFileReference; explicitFileType = wrapper.cfbundle; includeInIndex = 0; path = testScrollViewUITests.xctest; sourceTree = BUILT_PRODUCTS_DIR; };
		CE9686931C7ADD2D0054A45E /* testScrollViewUITests.m */ = {isa = PBXFileReference; lastKnownFileType = sourcecode.c.objc; path = testScrollViewUITests.m; sourceTree = "<group>"; };
		CE9686951C7ADD2D0054A45E /* Info.plist */ = {isa = PBXFileReference; lastKnownFileType = text.plist.xml; path = Info.plist; sourceTree = "<group>"; };
		CE9686D41C7B168B0054A45E /* MKAnnotationView+WebCache.h */ = {isa = PBXFileReference; fileEncoding = 4; lastKnownFileType = sourcecode.c.h; path = "MKAnnotationView+WebCache.h"; sourceTree = "<group>"; };
		CE9686D51C7B168B0054A45E /* MKAnnotationView+WebCache.m */ = {isa = PBXFileReference; fileEncoding = 4; lastKnownFileType = sourcecode.c.objc; path = "MKAnnotationView+WebCache.m"; sourceTree = "<group>"; };
		CE9686D61C7B168B0054A45E /* NSData+ImageContentType.h */ = {isa = PBXFileReference; fileEncoding = 4; lastKnownFileType = sourcecode.c.h; path = "NSData+ImageContentType.h"; sourceTree = "<group>"; };
		CE9686D71C7B168B0054A45E /* NSData+ImageContentType.m */ = {isa = PBXFileReference; fileEncoding = 4; lastKnownFileType = sourcecode.c.objc; path = "NSData+ImageContentType.m"; sourceTree = "<group>"; };
		CE9686D81C7B168B0054A45E /* SDImageCache.h */ = {isa = PBXFileReference; fileEncoding = 4; lastKnownFileType = sourcecode.c.h; path = SDImageCache.h; sourceTree = "<group>"; };
		CE9686D91C7B168B0054A45E /* SDImageCache.m */ = {isa = PBXFileReference; fileEncoding = 4; lastKnownFileType = sourcecode.c.objc; path = SDImageCache.m; sourceTree = "<group>"; };
		CE9686DA1C7B168B0054A45E /* SDWebImageCompat.h */ = {isa = PBXFileReference; fileEncoding = 4; lastKnownFileType = sourcecode.c.h; path = SDWebImageCompat.h; sourceTree = "<group>"; };
		CE9686DB1C7B168B0054A45E /* SDWebImageCompat.m */ = {isa = PBXFileReference; fileEncoding = 4; lastKnownFileType = sourcecode.c.objc; path = SDWebImageCompat.m; sourceTree = "<group>"; };
		CE9686DC1C7B168B0054A45E /* SDWebImageDecoder.h */ = {isa = PBXFileReference; fileEncoding = 4; lastKnownFileType = sourcecode.c.h; path = SDWebImageDecoder.h; sourceTree = "<group>"; };
		CE9686DD1C7B168B0054A45E /* SDWebImageDecoder.m */ = {isa = PBXFileReference; fileEncoding = 4; lastKnownFileType = sourcecode.c.objc; path = SDWebImageDecoder.m; sourceTree = "<group>"; };
		CE9686DE1C7B168B0054A45E /* SDWebImageDownloader.h */ = {isa = PBXFileReference; fileEncoding = 4; lastKnownFileType = sourcecode.c.h; path = SDWebImageDownloader.h; sourceTree = "<group>"; };
		CE9686DF1C7B168B0054A45E /* SDWebImageDownloader.m */ = {isa = PBXFileReference; fileEncoding = 4; lastKnownFileType = sourcecode.c.objc; path = SDWebImageDownloader.m; sourceTree = "<group>"; };
		CE9686E01C7B168B0054A45E /* SDWebImageDownloaderOperation.h */ = {isa = PBXFileReference; fileEncoding = 4; lastKnownFileType = sourcecode.c.h; path = SDWebImageDownloaderOperation.h; sourceTree = "<group>"; };
		CE9686E11C7B168B0054A45E /* SDWebImageDownloaderOperation.m */ = {isa = PBXFileReference; fileEncoding = 4; lastKnownFileType = sourcecode.c.objc; path = SDWebImageDownloaderOperation.m; sourceTree = "<group>"; };
		CE9686E21C7B168B0054A45E /* SDWebImageManager.h */ = {isa = PBXFileReference; fileEncoding = 4; lastKnownFileType = sourcecode.c.h; path = SDWebImageManager.h; sourceTree = "<group>"; };
		CE9686E31C7B168B0054A45E /* SDWebImageManager.m */ = {isa = PBXFileReference; fileEncoding = 4; lastKnownFileType = sourcecode.c.objc; path = SDWebImageManager.m; sourceTree = "<group>"; };
		CE9686E41C7B168B0054A45E /* SDWebImageOperation.h */ = {isa = PBXFileReference; fileEncoding = 4; lastKnownFileType = sourcecode.c.h; path = SDWebImageOperation.h; sourceTree = "<group>"; };
		CE9686E51C7B168B0054A45E /* SDWebImagePrefetcher.h */ = {isa = PBXFileReference; fileEncoding = 4; lastKnownFileType = sourcecode.c.h; path = SDWebImagePrefetcher.h; sourceTree = "<group>"; };
		CE9686E61C7B168B0054A45E /* SDWebImagePrefetcher.m */ = {isa = PBXFileReference; fileEncoding = 4; lastKnownFileType = sourcecode.c.objc; path = SDWebImagePrefetcher.m; sourceTree = "<group>"; };
		CE9686E71C7B168B0054A45E /* UIButton+WebCache.h */ = {isa = PBXFileReference; fileEncoding = 4; lastKnownFileType = sourcecode.c.h; path = "UIButton+WebCache.h"; sourceTree = "<group>"; };
		CE9686E81C7B168B0054A45E /* UIButton+WebCache.m */ = {isa = PBXFileReference; fileEncoding = 4; lastKnownFileType = sourcecode.c.objc; path = "UIButton+WebCache.m"; sourceTree = "<group>"; };
		CE9686E91C7B168B0054A45E /* UIImage+GIF.h */ = {isa = PBXFileReference; fileEncoding = 4; lastKnownFileType = sourcecode.c.h; path = "UIImage+GIF.h"; sourceTree = "<group>"; };
		CE9686EA1C7B168B0054A45E /* UIImage+GIF.m */ = {isa = PBXFileReference; fileEncoding = 4; lastKnownFileType = sourcecode.c.objc; path = "UIImage+GIF.m"; sourceTree = "<group>"; };
		CE9686EB1C7B168B0054A45E /* UIImage+MultiFormat.h */ = {isa = PBXFileReference; fileEncoding = 4; lastKnownFileType = sourcecode.c.h; path = "UIImage+MultiFormat.h"; sourceTree = "<group>"; };
		CE9686EC1C7B168B0054A45E /* UIImage+MultiFormat.m */ = {isa = PBXFileReference; fileEncoding = 4; lastKnownFileType = sourcecode.c.objc; path = "UIImage+MultiFormat.m"; sourceTree = "<group>"; };
		CE9686ED1C7B168B0054A45E /* UIImage+WebP.h */ = {isa = PBXFileReference; fileEncoding = 4; lastKnownFileType = sourcecode.c.h; path = "UIImage+WebP.h"; sourceTree = "<group>"; };
		CE9686EE1C7B168B0054A45E /* UIImage+WebP.m */ = {isa = PBXFileReference; fileEncoding = 4; lastKnownFileType = sourcecode.c.objc; path = "UIImage+WebP.m"; sourceTree = "<group>"; };
		CE9686EF1C7B168B0054A45E /* UIImageView+HighlightedWebCache.h */ = {isa = PBXFileReference; fileEncoding = 4; lastKnownFileType = sourcecode.c.h; path = "UIImageView+HighlightedWebCache.h"; sourceTree = "<group>"; };
		CE9686F01C7B168B0054A45E /* UIImageView+HighlightedWebCache.m */ = {isa = PBXFileReference; fileEncoding = 4; lastKnownFileType = sourcecode.c.objc; path = "UIImageView+HighlightedWebCache.m"; sourceTree = "<group>"; };
		CE9686F11C7B168B0054A45E /* UIImageView+WebCache.h */ = {isa = PBXFileReference; fileEncoding = 4; lastKnownFileType = sourcecode.c.h; path = "UIImageView+WebCache.h"; sourceTree = "<group>"; };
		CE9686F21C7B168B0054A45E /* UIImageView+WebCache.m */ = {isa = PBXFileReference; fileEncoding = 4; lastKnownFileType = sourcecode.c.objc; path = "UIImageView+WebCache.m"; sourceTree = "<group>"; };
		CE9686F31C7B168B0054A45E /* UIView+WebCacheOperation.h */ = {isa = PBXFileReference; fileEncoding = 4; lastKnownFileType = sourcecode.c.h; path = "UIView+WebCacheOperation.h"; sourceTree = "<group>"; };
		CE9686F41C7B168B0054A45E /* UIView+WebCacheOperation.m */ = {isa = PBXFileReference; fileEncoding = 4; lastKnownFileType = sourcecode.c.objc; path = "UIView+WebCacheOperation.m"; sourceTree = "<group>"; };
		CE9687061C7B16930054A45E /* ELHeaderView.h */ = {isa = PBXFileReference; fileEncoding = 4; lastKnownFileType = sourcecode.c.h; path = ELHeaderView.h; sourceTree = "<group>"; };
		CE9687071C7B16930054A45E /* ELHeaderView.m */ = {isa = PBXFileReference; fileEncoding = 4; lastKnownFileType = sourcecode.c.objc; path = ELHeaderView.m; sourceTree = "<group>"; };
		CE9687091C7B16BD0054A45E /* CKViewController.h */ = {isa = PBXFileReference; fileEncoding = 4; lastKnownFileType = sourcecode.c.h; path = CKViewController.h; sourceTree = "<group>"; };
		CE96870A1C7B16BD0054A45E /* CKViewController.m */ = {isa = PBXFileReference; fileEncoding = 4; lastKnownFileType = sourcecode.c.objc; path = CKViewController.m; sourceTree = "<group>"; };
		CE96870C1C7C2F1A0054A45E /* WSGViewController.h */ = {isa = PBXFileReference; fileEncoding = 4; lastKnownFileType = sourcecode.c.h; path = WSGViewController.h; sourceTree = "<group>"; };
		CE96870D1C7C2F1A0054A45E /* WSGViewController.m */ = {isa = PBXFileReference; fileEncoding = 4; lastKnownFileType = sourcecode.c.objc; path = WSGViewController.m; sourceTree = "<group>"; };
/* End PBXFileReference section */

/* Begin PBXFrameworksBuildPhase section */
		CE9686681C7ADD2D0054A45E /* Frameworks */ = {
			isa = PBXFrameworksBuildPhase;
			buildActionMask = 2147483647;
			files = (
			);
			runOnlyForDeploymentPostprocessing = 0;
		};
		CE9686811C7ADD2D0054A45E /* Frameworks */ = {
			isa = PBXFrameworksBuildPhase;
			buildActionMask = 2147483647;
			files = (
			);
			runOnlyForDeploymentPostprocessing = 0;
		};
		CE96868C1C7ADD2D0054A45E /* Frameworks */ = {
			isa = PBXFrameworksBuildPhase;
			buildActionMask = 2147483647;
			files = (
			);
			runOnlyForDeploymentPostprocessing = 0;
		};
/* End PBXFrameworksBuildPhase section */

/* Begin PBXGroup section */
		CE9686621C7ADD2D0054A45E = {
			isa = PBXGroup;
			children = (
				CE96866D1C7ADD2D0054A45E /* testScrollView */,
				CE9686871C7ADD2D0054A45E /* testScrollViewTests */,
				CE9686921C7ADD2D0054A45E /* testScrollViewUITests */,
				CE96866C1C7ADD2D0054A45E /* Products */,
			);
			sourceTree = "<group>";
		};
		CE96866C1C7ADD2D0054A45E /* Products */ = {
			isa = PBXGroup;
			children = (
				CE96866B1C7ADD2D0054A45E /* testScrollView.app */,
				CE9686841C7ADD2D0054A45E /* testScrollViewTests.xctest */,
				CE96868F1C7ADD2D0054A45E /* testScrollViewUITests.xctest */,
			);
			name = Products;
			sourceTree = "<group>";
		};
		CE96866D1C7ADD2D0054A45E /* testScrollView */ = {
			isa = PBXGroup;
			children = (
				CE9687051C7B16930054A45E /* elNav */,
				CE9686D31C7B168B0054A45E /* SDWebImage */,
				CE9686711C7ADD2D0054A45E /* AppDelegate.h */,
				CE9686721C7ADD2D0054A45E /* AppDelegate.m */,
				CE9686741C7ADD2D0054A45E /* ViewController.h */,
				CE9686751C7ADD2D0054A45E /* ViewController.m */,
				CE9687091C7B16BD0054A45E /* CKViewController.h */,
				CE96870A1C7B16BD0054A45E /* CKViewController.m */,
				CE96870C1C7C2F1A0054A45E /* WSGViewController.h */,
				CE96870D1C7C2F1A0054A45E /* WSGViewController.m */,
				CE9686771C7ADD2D0054A45E /* Main.storyboard */,
				CE96867A1C7ADD2D0054A45E /* Assets.xcassets */,
				CE96867C1C7ADD2D0054A45E /* LaunchScreen.storyboard */,
				CE96867F1C7ADD2D0054A45E /* Info.plist */,
				CE96866E1C7ADD2D0054A45E /* Supporting Files */,
			);
			path = testScrollView;
			sourceTree = "<group>";
		};
		CE96866E1C7ADD2D0054A45E /* Supporting Files */ = {
			isa = PBXGroup;
			children = (
				CE96866F1C7ADD2D0054A45E /* main.m */,
			);
			name = "Supporting Files";
			sourceTree = "<group>";
		};
		CE9686871C7ADD2D0054A45E /* testScrollViewTests */ = {
			isa = PBXGroup;
			children = (
				CE9686881C7ADD2D0054A45E /* testScrollViewTests.m */,
				CE96868A1C7ADD2D0054A45E /* Info.plist */,
			);
			path = testScrollViewTests;
			sourceTree = "<group>";
		};
		CE9686921C7ADD2D0054A45E /* testScrollViewUITests */ = {
			isa = PBXGroup;
			children = (
				CE9686931C7ADD2D0054A45E /* testScrollViewUITests.m */,
				CE9686951C7ADD2D0054A45E /* Info.plist */,
			);
			path = testScrollViewUITests;
			sourceTree = "<group>";
		};
		CE9686D31C7B168B0054A45E /* SDWebImage */ = {
			isa = PBXGroup;
			children = (
				CE9686D41C7B168B0054A45E /* MKAnnotationView+WebCache.h */,
				CE9686D51C7B168B0054A45E /* MKAnnotationView+WebCache.m */,
				CE9686D61C7B168B0054A45E /* NSData+ImageContentType.h */,
				CE9686D71C7B168B0054A45E /* NSData+ImageContentType.m */,
				CE9686D81C7B168B0054A45E /* SDImageCache.h */,
				CE9686D91C7B168B0054A45E /* SDImageCache.m */,
				CE9686DA1C7B168B0054A45E /* SDWebImageCompat.h */,
				CE9686DB1C7B168B0054A45E /* SDWebImageCompat.m */,
				CE9686DC1C7B168B0054A45E /* SDWebImageDecoder.h */,
				CE9686DD1C7B168B0054A45E /* SDWebImageDecoder.m */,
				CE9686DE1C7B168B0054A45E /* SDWebImageDownloader.h */,
				CE9686DF1C7B168B0054A45E /* SDWebImageDownloader.m */,
				CE9686E01C7B168B0054A45E /* SDWebImageDownloaderOperation.h */,
				CE9686E11C7B168B0054A45E /* SDWebImageDownloaderOperation.m */,
				CE9686E21C7B168B0054A45E /* SDWebImageManager.h */,
				CE9686E31C7B168B0054A45E /* SDWebImageManager.m */,
				CE9686E41C7B168B0054A45E /* SDWebImageOperation.h */,
				CE9686E51C7B168B0054A45E /* SDWebImagePrefetcher.h */,
				CE9686E61C7B168B0054A45E /* SDWebImagePrefetcher.m */,
				CE9686E71C7B168B0054A45E /* UIButton+WebCache.h */,
				CE9686E81C7B168B0054A45E /* UIButton+WebCache.m */,
				CE9686E91C7B168B0054A45E /* UIImage+GIF.h */,
				CE9686EA1C7B168B0054A45E /* UIImage+GIF.m */,
				CE9686EB1C7B168B0054A45E /* UIImage+MultiFormat.h */,
				CE9686EC1C7B168B0054A45E /* UIImage+MultiFormat.m */,
				CE9686ED1C7B168B0054A45E /* UIImage+WebP.h */,
				CE9686EE1C7B168B0054A45E /* UIImage+WebP.m */,
				CE9686EF1C7B168B0054A45E /* UIImageView+HighlightedWebCache.h */,
				CE9686F01C7B168B0054A45E /* UIImageView+HighlightedWebCache.m */,
				CE9686F11C7B168B0054A45E /* UIImageView+WebCache.h */,
				CE9686F21C7B168B0054A45E /* UIImageView+WebCache.m */,
				CE9686F31C7B168B0054A45E /* UIView+WebCacheOperation.h */,
				CE9686F41C7B168B0054A45E /* UIView+WebCacheOperation.m */,
			);
			path = SDWebImage;
			sourceTree = "<group>";
		};
		CE9687051C7B16930054A45E /* elNav */ = {
			isa = PBXGroup;
			children = (
				CE9687061C7B16930054A45E /* ELHeaderView.h */,
				CE9687071C7B16930054A45E /* ELHeaderView.m */,
			);
			path = elNav;
			sourceTree = "<group>";
		};
/* End PBXGroup section */

/* Begin PBXNativeTarget section */
		CE96866A1C7ADD2D0054A45E /* testScrollView */ = {
			isa = PBXNativeTarget;
			buildConfigurationList = CE9686981C7ADD2D0054A45E /* Build configuration list for PBXNativeTarget "testScrollView" */;
			buildPhases = (
				CE9686671C7ADD2D0054A45E /* Sources */,
				CE9686681C7ADD2D0054A45E /* Frameworks */,
				CE9686691C7ADD2D0054A45E /* Resources */,
			);
			buildRules = (
			);
			dependencies = (
			);
			name = testScrollView;
			productName = testScrollView;
			productReference = CE96866B1C7ADD2D0054A45E /* testScrollView.app */;
			productType = "com.apple.product-type.application";
		};
		CE9686831C7ADD2D0054A45E /* testScrollViewTests */ = {
			isa = PBXNativeTarget;
			buildConfigurationList = CE96869B1C7ADD2D0054A45E /* Build configuration list for PBXNativeTarget "testScrollViewTests" */;
			buildPhases = (
				CE9686801C7ADD2D0054A45E /* Sources */,
				CE9686811C7ADD2D0054A45E /* Frameworks */,
				CE9686821C7ADD2D0054A45E /* Resources */,
			);
			buildRules = (
			);
			dependencies = (
				CE9686861C7ADD2D0054A45E /* PBXTargetDependency */,
			);
			name = testScrollViewTests;
			productName = testScrollViewTests;
			productReference = CE9686841C7ADD2D0054A45E /* testScrollViewTests.xctest */;
			productType = "com.apple.product-type.bundle.unit-test";
		};
		CE96868E1C7ADD2D0054A45E /* testScrollViewUITests */ = {
			isa = PBXNativeTarget;
			buildConfigurationList = CE96869E1C7ADD2D0054A45E /* Build configuration list for PBXNativeTarget "testScrollViewUITests" */;
			buildPhases = (
				CE96868B1C7ADD2D0054A45E /* Sources */,
				CE96868C1C7ADD2D0054A45E /* Frameworks */,
				CE96868D1C7ADD2D0054A45E /* Resources */,
			);
			buildRules = (
			);
			dependencies = (
				CE9686911C7ADD2D0054A45E /* PBXTargetDependency */,
			);
			name = testScrollViewUITests;
			productName = testScrollViewUITests;
			productReference = CE96868F1C7ADD2D0054A45E /* testScrollViewUITests.xctest */;
			productType = "com.apple.product-type.bundle.ui-testing";
		};
/* End PBXNativeTarget section */

/* Begin PBXProject section */
		CE9686631C7ADD2D0054A45E /* Project object */ = {
			isa = PBXProject;
			attributes = {
				LastUpgradeCheck = 0720;
				ORGANIZATIONNAME = user;
				TargetAttributes = {
					CE96866A1C7ADD2D0054A45E = {
						CreatedOnToolsVersion = 7.2;
					};
					CE9686831C7ADD2D0054A45E = {
						CreatedOnToolsVersion = 7.2;
						TestTargetID = CE96866A1C7ADD2D0054A45E;
					};
					CE96868E1C7ADD2D0054A45E = {
						CreatedOnToolsVersion = 7.2;
						TestTargetID = CE96866A1C7ADD2D0054A45E;
					};
				};
			};
			buildConfigurationList = CE9686661C7ADD2D0054A45E /* Build configuration list for PBXProject "testScrollView" */;
			compatibilityVersion = "Xcode 3.2";
			developmentRegion = English;
			hasScannedForEncodings = 0;
			knownRegions = (
				en,
				Base,
			);
			mainGroup = CE9686621C7ADD2D0054A45E;
			productRefGroup = CE96866C1C7ADD2D0054A45E /* Products */;
			projectDirPath = "";
			projectRoot = "";
			targets = (
				CE96866A1C7ADD2D0054A45E /* testScrollView */,
				CE9686831C7ADD2D0054A45E /* testScrollViewTests */,
				CE96868E1C7ADD2D0054A45E /* testScrollViewUITests */,
			);
		};
/* End PBXProject section */

/* Begin PBXResourcesBuildPhase section */
		CE9686691C7ADD2D0054A45E /* Resources */ = {
			isa = PBXResourcesBuildPhase;
			buildActionMask = 2147483647;
			files = (
				CE96867E1C7ADD2D0054A45E /* LaunchScreen.storyboard in Resources */,
				CE96867B1C7ADD2D0054A45E /* Assets.xcassets in Resources */,
				CE9686791C7ADD2D0054A45E /* Main.storyboard in Resources */,
			);
			runOnlyForDeploymentPostprocessing = 0;
		};
		CE9686821C7ADD2D0054A45E /* Resources */ = {
			isa = PBXResourcesBuildPhase;
			buildActionMask = 2147483647;
			files = (
			);
			runOnlyForDeploymentPostprocessing = 0;
		};
		CE96868D1C7ADD2D0054A45E /* Resources */ = {
			isa = PBXResourcesBuildPhase;
			buildActionMask = 2147483647;
			files = (
			);
			runOnlyForDeploymentPostprocessing = 0;
		};
/* End PBXResourcesBuildPhase section */

/* Begin PBXSourcesBuildPhase section */
		CE9686671C7ADD2D0054A45E /* Sources */ = {
			isa = PBXSourcesBuildPhase;
			buildActionMask = 2147483647;
			files = (
				CE96870E1C7C2F1A0054A45E /* WSGViewController.m in Sources */,
				CE9687021C7B168B0054A45E /* UIImageView+HighlightedWebCache.m in Sources */,
				CE9686F61C7B168B0054A45E /* NSData+ImageContentType.m in Sources */,
				CE9686FC1C7B168B0054A45E /* SDWebImageManager.m in Sources */,
				CE9686FA1C7B168B0054A45E /* SDWebImageDownloader.m in Sources */,
				CE9687011C7B168B0054A45E /* UIImage+WebP.m in Sources */,
				CE9687041C7B168B0054A45E /* UIView+WebCacheOperation.m in Sources */,
				CE9687081C7B16930054A45E /* ELHeaderView.m in Sources */,
				CE9686F71C7B168B0054A45E /* SDImageCache.m in Sources */,
				CE9686761C7ADD2D0054A45E /* ViewController.m in Sources */,
				CE9686F51C7B168B0054A45E /* MKAnnotationView+WebCache.m in Sources */,
				CE9686F91C7B168B0054A45E /* SDWebImageDecoder.m in Sources */,
				CE9687001C7B168B0054A45E /* UIImage+MultiFormat.m in Sources */,
				CE9686FB1C7B168B0054A45E /* SDWebImageDownloaderOperation.m in Sources */,
				CE9686731C7ADD2D0054A45E /* AppDelegate.m in Sources */,
				CE96870B1C7B16BD0054A45E /* CKViewController.m in Sources */,
				CE9686FE1C7B168B0054A45E /* UIButton+WebCache.m in Sources */,
				CE9686FD1C7B168B0054A45E /* SDWebImagePrefetcher.m in Sources */,
				CE9687031C7B168B0054A45E /* UIImageView+WebCache.m in Sources */,
				CE9686F81C7B168B0054A45E /* SDWebImageCompat.m in Sources */,
				CE9686FF1C7B168B0054A45E /* UIImage+GIF.m in Sources */,
				CE9686701C7ADD2D0054A45E /* main.m in Sources */,
			);
			runOnlyForDeploymentPostprocessing = 0;
		};
		CE9686801C7ADD2D0054A45E /* Sources */ = {
			isa = PBXSourcesBuildPhase;
			buildActionMask = 2147483647;
			files = (
				CE9686891C7ADD2D0054A45E /* testScrollViewTests.m in Sources */,
			);
			runOnlyForDeploymentPostprocessing = 0;
		};
		CE96868B1C7ADD2D0054A45E /* Sources */ = {
			isa = PBXSourcesBuildPhase;
			buildActionMask = 2147483647;
			files = (
				CE9686941C7ADD2D0054A45E /* testScrollViewUITests.m in Sources */,
			);
			runOnlyForDeploymentPostprocessing = 0;
		};
/* End PBXSourcesBuildPhase section */

/* Begin PBXTargetDependency section */
		CE9686861C7ADD2D0054A45E /* PBXTargetDependency */ = {
			isa = PBXTargetDependency;
			target = CE96866A1C7ADD2D0054A45E /* testScrollView */;
			targetProxy = CE9686851C7ADD2D0054A45E /* PBXContainerItemProxy */;
		};
		CE9686911C7ADD2D0054A45E /* PBXTargetDependency */ = {
			isa = PBXTargetDependency;
			target = CE96866A1C7ADD2D0054A45E /* testScrollView */;
			targetProxy = CE9686901C7ADD2D0054A45E /* PBXContainerItemProxy */;
		};
/* End PBXTargetDependency section */

/* Begin PBXVariantGroup section */
		CE9686771C7ADD2D0054A45E /* Main.storyboard */ = {
			isa = PBXVariantGroup;
			children = (
				CE9686781C7ADD2D0054A45E /* Base */,
			);
			name = Main.storyboard;
			sourceTree = "<group>";
		};
		CE96867C1C7ADD2D0054A45E /* LaunchScreen.storyboard */ = {
			isa = PBXVariantGroup;
			children = (
				CE96867D1C7ADD2D0054A45E /* Base */,
			);
			name = LaunchScreen.storyboard;
			sourceTree = "<group>";
		};
/* End PBXVariantGroup section */

/* Begin XCBuildConfiguration section */
		CE9686961C7ADD2D0054A45E /* Debug */ = {
			isa = XCBuildConfiguration;
			buildSettings = {
				ALWAYS_SEARCH_USER_PATHS = NO;
				CLANG_CXX_LANGUAGE_STANDARD = "gnu++0x";
				CLANG_CXX_LIBRARY = "libc++";
				CLANG_ENABLE_MODULES = YES;
				CLANG_ENABLE_OBJC_ARC = YES;
				CLANG_WARN_BOOL_CONVERSION = YES;
				CLANG_WARN_CONSTANT_CONVERSION = YES;
				CLANG_WARN_DIRECT_OBJC_ISA_USAGE = YES_ERROR;
				CLANG_WARN_EMPTY_BODY = YES;
				CLANG_WARN_ENUM_CONVERSION = YES;
				CLANG_WARN_INT_CONVERSION = YES;
				CLANG_WARN_OBJC_ROOT_CLASS = YES_ERROR;
				CLANG_WARN_UNREACHABLE_CODE = YES;
				CLANG_WARN__DUPLICATE_METHOD_MATCH = YES;
				"CODE_SIGN_IDENTITY[sdk=iphoneos*]" = "iPhone Developer";
				COPY_PHASE_STRIP = NO;
				DEBUG_INFORMATION_FORMAT = dwarf;
				ENABLE_STRICT_OBJC_MSGSEND = YES;
				ENABLE_TESTABILITY = YES;
				GCC_C_LANGUAGE_STANDARD = gnu99;
				GCC_DYNAMIC_NO_PIC = NO;
				GCC_NO_COMMON_BLOCKS = YES;
				GCC_OPTIMIZATION_LEVEL = 0;
				GCC_PREPROCESSOR_DEFINITIONS = (
					"DEBUG=1",
					"$(inherited)",
				);
				GCC_WARN_64_TO_32_BIT_CONVERSION = YES;
				GCC_WARN_ABOUT_RETURN_TYPE = YES_ERROR;
				GCC_WARN_UNDECLARED_SELECTOR = YES;
				GCC_WARN_UNINITIALIZED_AUTOS = YES_AGGRESSIVE;
				GCC_WARN_UNUSED_FUNCTION = YES;
				GCC_WARN_UNUSED_VARIABLE = YES;
				IPHONEOS_DEPLOYMENT_TARGET = 9.2;
				MTL_ENABLE_DEBUG_INFO = YES;
				ONLY_ACTIVE_ARCH = YES;
				SDKROOT = iphoneos;
			};
			name = Debug;
		};
		CE9686971C7ADD2D0054A45E /* Release */ = {
			isa = XCBuildConfiguration;
			buildSettings = {
				ALWAYS_SEARCH_USER_PATHS = NO;
				CLANG_CXX_LANGUAGE_STANDARD = "gnu++0x";
				CLANG_CXX_LIBRARY = "libc++";
				CLANG_ENABLE_MODULES = YES;
				CLANG_ENABLE_OBJC_ARC = YES;
				CLANG_WARN_BOOL_CONVERSION = YES;
				CLANG_WARN_CONSTANT_CONVERSION = YES;
				CLANG_WARN_DIRECT_OBJC_ISA_USAGE = YES_ERROR;
				CLANG_WARN_EMPTY_BODY = YES;
				CLANG_WARN_ENUM_CONVERSION = YES;
				CLANG_WARN_INT_CONVERSION = YES;
				CLANG_WARN_OBJC_ROOT_CLASS = YES_ERROR;
				CLANG_WARN_UNREACHABLE_CODE = YES;
				CLANG_WARN__DUPLICATE_METHOD_MATCH = YES;
				"CODE_SIGN_IDENTITY[sdk=iphoneos*]" = "iPhone Developer";
				COPY_PHASE_STRIP = NO;
				DEBUG_INFORMATION_FORMAT = "dwarf-with-dsym";
				ENABLE_NS_ASSERTIONS = NO;
				ENABLE_STRICT_OBJC_MSGSEND = YES;
				GCC_C_LANGUAGE_STANDARD = gnu99;
				GCC_NO_COMMON_BLOCKS = YES;
				GCC_WARN_64_TO_32_BIT_CONVERSION = YES;
				GCC_WARN_ABOUT_RETURN_TYPE = YES_ERROR;
				GCC_WARN_UNDECLARED_SELECTOR = YES;
				GCC_WARN_UNINITIALIZED_AUTOS = YES_AGGRESSIVE;
				GCC_WARN_UNUSED_FUNCTION = YES;
				GCC_WARN_UNUSED_VARIABLE = YES;
				IPHONEOS_DEPLOYMENT_TARGET = 9.2;
				MTL_ENABLE_DEBUG_INFO = NO;
				SDKROOT = iphoneos;
				VALIDATE_PRODUCT = YES;
			};
			name = Release;
		};
		CE9686991C7ADD2D0054A45E /* Debug */ = {
			isa = XCBuildConfiguration;
			buildSettings = {
				ASSETCATALOG_COMPILER_APPICON_NAME = AppIcon;
				INFOPLIST_FILE = testScrollView/Info.plist;
				LD_RUNPATH_SEARCH_PATHS = "$(inherited) @executable_path/Frameworks";
				PRODUCT_BUNDLE_IDENTIFIER = chuangke.testScrollView;
				PRODUCT_NAME = "$(TARGET_NAME)";
			};
			name = Debug;
		};
		CE96869A1C7ADD2D0054A45E /* Release */ = {
			isa = XCBuildConfiguration;
			buildSettings = {
				ASSETCATALOG_COMPILER_APPICON_NAME = AppIcon;
				INFOPLIST_FILE = testScrollView/Info.plist;
				LD_RUNPATH_SEARCH_PATHS = "$(inherited) @executable_path/Frameworks";
				PRODUCT_BUNDLE_IDENTIFIER = chuangke.testScrollView;
				PRODUCT_NAME = "$(TARGET_NAME)";
			};
			name = Release;
		};
		CE96869C1C7ADD2D0054A45E /* Debug */ = {
			isa = XCBuildConfiguration;
			buildSettings = {
				BUNDLE_LOADER = "$(TEST_HOST)";
				INFOPLIST_FILE = testScrollViewTests/Info.plist;
				LD_RUNPATH_SEARCH_PATHS = "$(inherited) @executable_path/Frameworks @loader_path/Frameworks";
				PRODUCT_BUNDLE_IDENTIFIER = chuangke.testScrollViewTests;
				PRODUCT_NAME = "$(TARGET_NAME)";
				TEST_HOST = "$(BUILT_PRODUCTS_DIR)/testScrollView.app/testScrollView";
			};
			name = Debug;
		};
		CE96869D1C7ADD2D0054A45E /* Release */ = {
			isa = XCBuildConfiguration;
			buildSettings = {
				BUNDLE_LOADER = "$(TEST_HOST)";
				INFOPLIST_FILE = testScrollViewTests/Info.plist;
				LD_RUNPATH_SEARCH_PATHS = "$(inherited) @executable_path/Frameworks @loader_path/Frameworks";
				PRODUCT_BUNDLE_IDENTIFIER = chuangke.testScrollViewTests;
				PRODUCT_NAME = "$(TARGET_NAME)";
				TEST_HOST = "$(BUILT_PRODUCTS_DIR)/testScrollView.app/testScrollView";
			};
			name = Release;
		};
		CE96869F1C7ADD2D0054A45E /* Debug */ = {
			isa = XCBuildConfiguration;
			buildSettings = {
				INFOPLIST_FILE = testScrollViewUITests/Info.plist;
				LD_RUNPATH_SEARCH_PATHS = "$(inherited) @executable_path/Frameworks @loader_path/Frameworks";
				PRODUCT_BUNDLE_IDENTIFIER = chuangke.testScrollViewUITests;
				PRODUCT_NAME = "$(TARGET_NAME)";
				TEST_TARGET_NAME = testScrollView;
				USES_XCTRUNNER = YES;
			};
			name = Debug;
		};
		CE9686A01C7ADD2D0054A45E /* Release */ = {
			isa = XCBuildConfiguration;
			buildSettings = {
				INFOPLIST_FILE = testScrollViewUITests/Info.plist;
				LD_RUNPATH_SEARCH_PATHS = "$(inherited) @executable_path/Frameworks @loader_path/Frameworks";
				PRODUCT_BUNDLE_IDENTIFIER = chuangke.testScrollViewUITests;
				PRODUCT_NAME = "$(TARGET_NAME)";
				TEST_TARGET_NAME = testScrollView;
				USES_XCTRUNNER = YES;
			};
			name = Release;
		};
/* End XCBuildConfiguration section */

/* Begin XCConfigurationList section */
		CE9686661C7ADD2D0054A45E /* Build configuration list for PBXProject "testScrollView" */ = {
			isa = XCConfigurationList;
			buildConfigurations = (
				CE9686961C7ADD2D0054A45E /* Debug */,
				CE9686971C7ADD2D0054A45E /* Release */,
			);
			defaultConfigurationIsVisible = 0;
			defaultConfigurationName = Release;
		};
		CE9686981C7ADD2D0054A45E /* Build configuration list for PBXNativeTarget "testScrollView" */ = {
			isa = XCConfigurationList;
			buildConfigurations = (
				CE9686991C7ADD2D0054A45E /* Debug */,
				CE96869A1C7ADD2D0054A45E /* Release */,
			);
			defaultConfigurationIsVisible = 0;
			defaultConfigurationName = Release;
		};
		CE96869B1C7ADD2D0054A45E /* Build configuration list for PBXNativeTarget "testScrollViewTests" */ = {
			isa = XCConfigurationList;
			buildConfigurations = (
				CE96869C1C7ADD2D0054A45E /* Debug */,
				CE96869D1C7ADD2D0054A45E /* Release */,
			);
			defaultConfigurationIsVisible = 0;
			defaultConfigurationName = Release;
		};
		CE96869E1C7ADD2D0054A45E /* Build configuration list for PBXNativeTarget "testScrollViewUITests" */ = {
			isa = XCConfigurationList;
			buildConfigurations = (
				CE96869F1C7ADD2D0054A45E /* Debug */,
				CE9686A01C7ADD2D0054A45E /* Release */,
			);
			defaultConfigurationIsVisible = 0;
			defaultConfigurationName = Release;
		};
/* End XCConfigurationList section */
	};
	rootObject = CE9686631C7ADD2D0054A45E /* Project object */;
}
